
Microsoft Visual Studio Solution File, Format Version 12.00
# Visual Studio 2013
VisualStudioVersion = 12.0.40629.0
MinimumVisualStudioVersion = 10.0.40219.1
Project("{FAE04EC0-301F-11D3-BF4B-00C04F79EFBC}") = "GateManager.Web", "GateManager.Web\GateManager.Web.csproj", "{292CC853-37CF-48B4-858D-B73A438A483A}"
EndProject
Project("{FAE04EC0-301F-11D3-BF4B-00C04F79EFBC}") = "GateManager.API", "GateManager.API\GateManager.API.csproj", "{5DB7BEDF-6D52-489E-B5C0-EFA6364F7147}"
EndProject
Project("{FAE04EC0-301F-11D3-BF4B-00C04F79EFBC}") = "GateManager.DTO", "GateManager.DTO\GateManager.DTO.csproj", "{C65097CC-D014-4F28-81C5-9E7C33B2314A}"
EndProject
Project("{FAE04EC0-301F-11D3-BF4B-00C04F79EFBC}") = "GateManager.Repository", "GateManager.Repository\GateManager.Repository.csproj", "{8D76CF74-9219-4568-AF43-44CD62FC1CEA}"
EndProject
Project("{FAE04EC0-301F-11D3-BF4B-00C04F79EFBC}") = "GateManager.Test", "GateManager.test\GateManager.Test.csproj", "{EC637A3A-FFD9-4678-BAA9-D82FB705424B}"
EndProject
Global
	GlobalSection(SolutionConfigurationPlatforms) = preSolution
		Debug|Any CPU = Debug|Any CPU
		Release|Any CPU = Release|Any CPU
	EndGlobalSection
	GlobalSection(ProjectConfigurationPlatforms) = postSolution
		{292CC853-37CF-48B4-858D-B73A438A483A}.Debug|Any CPU.ActiveCfg = Debug|Any CPU
		{292CC853-37CF-48B4-858D-B73A438A483A}.Debug|Any CPU.Build.0 = Debug|Any CPU
		{292CC853-37CF-48B4-858D-B73A438A483A}.Release|Any CPU.ActiveCfg = Release|Any CPU
		{292CC853-37CF-48B4-858D-B73A438A483A}.Release|Any CPU.Build.0 = Release|Any CPU
		{5DB7BEDF-6D52-489E-B5C0-EFA6364F7147}.Debug|Any CPU.ActiveCfg = Debug|Any CPU
		{5DB7BEDF-6D52-489E-B5C0-EFA6364F7147}.Debug|Any CPU.Build.0 = Debug|Any CPU
		{5DB7BEDF-6D52-489E-B5C0-EFA6364F7147}.Release|Any CPU.ActiveCfg = Release|Any CPU
		{5DB7BEDF-6D52-489E-B5C0-EFA6364F7147}.Release|Any CPU.Build.0 = Release|Any CPU
		{C65097CC-D014-4F28-81C5-9E7C33B2314A}.Debug|Any CPU.ActiveCfg = Debug|Any CPU
		{C65097CC-D014-4F28-81C5-9E7C33B2314A}.Debug|Any CPU.Build.0 = Debug|Any CPU
		{C65097CC-D014-4F28-81C5-9E7C33B2314A}.Release|Any CPU.ActiveCfg = Release|Any CPU
		{C65097CC-D014-4F28-81C5-9E7C33B2314A}.Release|Any CPU.Build.0 = Release|Any CPU
		{8D76CF74-9219-4568-AF43-44CD62FC1CEA}.Debug|Any CPU.ActiveCfg = Debug|Any CPU
		{8D76CF74-9219-4568-AF43-44CD62FC1CEA}.Debug|Any CPU.Build.0 = Debug|Any CPU
		{8D76CF74-9219-4568-AF43-44CD62FC1CEA}.Release|Any CPU.ActiveCfg = Release|Any CPU
		{8D76CF74-9219-4568-AF43-44CD62FC1CEA}.Release|Any CPU.Build.0 = Release|Any CPU
		{EC637A3A-FFD9-4678-BAA9-D82FB705424B}.Debug|Any CPU.ActiveCfg = Debug|Any CPU
		{EC637A3A-FFD9-4678-BAA9-D82FB705424B}.Debug|Any CPU.Build.0 = Debug|Any CPU
		{EC637A3A-FFD9-4678-BAA9-D82FB705424B}.Release|Any CPU.ActiveCfg = Release|Any CPU
		{EC637A3A-FFD9-4678-BAA9-D82FB705424B}.Release|Any CPU.Build.0 = Release|Any CPU
	EndGlobalSection
	GlobalSection(SolutionProperties) = preSolution
		HideSolutionNode = FALSE
	EndGlobalSection
EndGlobal
